<?xml version="1.0" encoding="utf-8"?>
<Project ToolsVersion="4.0" xmlns="http://schemas.microsoft.com/developer/msbuild/2003">
  <ItemGroup>
    <ClCompile Include="renderer.cpp" />
    <ClCompile Include="template\template.cpp">
      <Filter>template</Filter>
    </ClCompile>
  </ItemGroup>
  <ItemGroup>
    <ClInclude Include="camera.h" />
    <ClInclude Include="renderer.h" />
    <ClInclude Include="template\common.h">
      <Filter>template</Filter>
    </ClInclude>
    <ClInclude Include="template\scene.h">
      <Filter>template</Filter>
    </ClInclude>
    <ClInclude Include="template\precomp.h">
      <Filter>template</Filter>
    </ClInclude>
    <ClInclude Include="material.h">
      <Filter>template</Filter>
    </ClInclude>
    <ClInclude Include="whitted_style_ray_trace_module.h">
      <Filter>renderer_module</Filter>
    </ClInclude>
    <ClInclude Include="path_trace_module.h">
      <Filter>renderer_module</Filter>
    </ClInclude>
    <ClInclude Include="tri_scene.h">
      <Filter>template</Filter>
    </ClInclude>
    <ClInclude Include="primitive.h">
      <Filter>template</Filter>
    </ClInclude>
    <ClInclude Include="ray.h">
      <Filter>template</Filter>
    </ClInclude>
    <ClInclude Include="bvh.h">
      <Filter>template</Filter>
    </ClInclude>
  </ItemGroup>
  <ItemGroup>
    <Filter Include="template">
      <UniqueIdentifier>{a7d6e3cb-bfcd-438d-979f-17df241a55b4}</UniqueIdentifier>
    </Filter>
    <Filter Include="renderer_module">
      <UniqueIdentifier>{be32e61a-21a4-47e2-84ff-d98a93a5766b}</UniqueIdentifier>
    </Filter>
  </ItemGroup>
  <ItemGroup>
    <None Include="template\LICENSE">
      <Filter>template</Filter>
    </None>
  </ItemGroup>
</Project>